
Microsoft Visual Studio Solution File, Format Version 12.00
# Visual Studio 2012
Project("{FAE04EC0-301F-11D3-BF4B-00C04F79EFBC}") = "Cortex Hub Website", "Cortex Hub Website\Cortex Hub Website.csproj", "{551BCE41-288C-4F6D-9A69-F93D239D3C09}"
EndProject
Global
	GlobalSection(SolutionConfigurationPlatforms) = preSolution
		Debug|Any CPU = Debug|Any CPU
		Release|Any CPU = Release|Any CPU
	EndGlobalSection
	GlobalSection(ProjectConfigurationPlatforms) = postSolution
		{551BCE41-288C-4F6D-9A69-F93D239D3C09}.Debug|Any CPU.ActiveCfg = Debug|Any CPU
		{551BCE41-288C-4F6D-9A69-F93D239D3C09}.Debug|Any CPU.Build.0 = Debug|Any CPU
		{551BCE41-288C-4F6D-9A69-F93D239D3C09}.Release|Any CPU.ActiveCfg = Release|Any CPU
		{551BCE41-288C-4F6D-9A69-F93D239D3C09}.Release|Any CPU.Build.0 = Release|Any CPU
	EndGlobalSection
	GlobalSection(SolutionProperties) = preSolution
		HideSolutionNode = FALSE
	EndGlobalSection
EndGlobal
